
Microsoft Visual Studio Solution File, Format Version 12.00
# Visual Studio Version 17
VisualStudioVersion = 17.13.35931.197
MinimumVisualStudioVersion = 10.0.40219.1
Project("{FAE04EC0-301F-11D3-BF4B-00C04F79EFBC}") = "MinSumTest", "MinSumTest\MinSumTest.csproj", "{387C5B03-7F7B-2392-1A5B-A8EAD8B46769}"
EndProject
Project("{FAE04EC0-301F-11D3-BF4B-00C04F79EFBC}") = "MinSumTest.UnitTests", "MinSumTest.UnitTests\MinSumTest.UnitTests.csproj", "{AE839CCD-20A8-1CE0-6812-0D925FC7508A}"
EndProject
Global
	GlobalSection(SolutionConfigurationPlatforms) = preSolution
		Debug|Any CPU = Debug|Any CPU
		Release|Any CPU = Release|Any CPU
	EndGlobalSection
	GlobalSection(ProjectConfigurationPlatforms) = postSolution
		{387C5B03-7F7B-2392-1A5B-A8EAD8B46769}.Debug|Any CPU.ActiveCfg = Debug|Any CPU
		{387C5B03-7F7B-2392-1A5B-A8EAD8B46769}.Debug|Any CPU.Build.0 = Debug|Any CPU
		{387C5B03-7F7B-2392-1A5B-A8EAD8B46769}.Release|Any CPU.ActiveCfg = Release|Any CPU
		{387C5B03-7F7B-2392-1A5B-A8EAD8B46769}.Release|Any CPU.Build.0 = Release|Any CPU
		{AE839CCD-20A8-1CE0-6812-0D925FC7508A}.Debug|Any CPU.ActiveCfg = Debug|Any CPU
		{AE839CCD-20A8-1CE0-6812-0D925FC7508A}.Debug|Any CPU.Build.0 = Debug|Any CPU
		{AE839CCD-20A8-1CE0-6812-0D925FC7508A}.Release|Any CPU.ActiveCfg = Release|Any CPU
		{AE839CCD-20A8-1CE0-6812-0D925FC7508A}.Release|Any CPU.Build.0 = Release|Any CPU
	EndGlobalSection
	GlobalSection(SolutionProperties) = preSolution
		HideSolutionNode = FALSE
	EndGlobalSection
	GlobalSection(ExtensibilityGlobals) = postSolution
		SolutionGuid = {384B6DE0-ECB2-45FC-BD2C-06B364D2C2CC}
	EndGlobalSection
EndGlobal
